
Microsoft Visual Studio Solution File, Format Version 12.00
# Visual Studio Version 16
VisualStudioVersion = 16.0.30114.105
MinimumVisualStudioVersion = 10.0.40219.1
Project("{2150E333-8FDC-42A3-9474-1A3956D46DE8}") = "services", "services", "{CDFF6E4D-4F20-4860-9EC9-3915FBAEAD45}"
EndProject
Project("{2150E333-8FDC-42A3-9474-1A3956D46DE8}") = "identity", "identity", "{D11594E2-A679-41E6-9C72-7F979D24E714}"
EndProject
Project("{9A19103F-16F7-4668-BE54-9A1E7A4F7556}") = "identityserver", "services\identity\identityserver\identityserver.csproj", "{8A8FFFD1-C768-46D1-B1AC-A055A2EB0F31}"
EndProject
Project("{2150E333-8FDC-42A3-9474-1A3956D46DE8}") = "one", "one", "{08EC639C-3A39-4478-950C-B8BAFD57FF6F}"
EndProject
Project("{9A19103F-16F7-4668-BE54-9A1E7A4F7556}") = "one.api", "services\one\one.api\one.api.csproj", "{BDD03234-D77A-4143-AC19-8C3680989634}"
EndProject
Project("{2150E333-8FDC-42A3-9474-1A3956D46DE8}") = "two", "two", "{F14C1B4B-7EC1-48B3-9337-39A402DDF511}"
EndProject
Project("{9A19103F-16F7-4668-BE54-9A1E7A4F7556}") = "two.api", "services\two\two.api\two.api.csproj", "{44B6D07C-CEA3-411B-BF68-4B4DABD1DF18}"
EndProject
Project("{2150E333-8FDC-42A3-9474-1A3956D46DE8}") = "common", "common", "{876016D8-1923-4CA7-BD58-A7ACB6BAD1B4}"
EndProject
Project("{9A19103F-16F7-4668-BE54-9A1E7A4F7556}") = "common.api", "common\common.api\common.api.csproj", "{0491A167-E44F-4F5C-AB04-027FC395F29D}"
EndProject
Project("{E53339B2-1760-4266-BCC7-CA923CBCF16C}") = "docker-compose", "docker-compose.dcproj", "{23E2FCF7-1529-41FE-9BFC-4897FF3EE46D}"
EndProject
Global
	GlobalSection(SolutionConfigurationPlatforms) = preSolution
		Debug|Any CPU = Debug|Any CPU
		Debug|x64 = Debug|x64
		Debug|x86 = Debug|x86
		Release|Any CPU = Release|Any CPU
		Release|x64 = Release|x64
		Release|x86 = Release|x86
	EndGlobalSection
	GlobalSection(ProjectConfigurationPlatforms) = postSolution
		{8A8FFFD1-C768-46D1-B1AC-A055A2EB0F31}.Debug|Any CPU.ActiveCfg = Debug|Any CPU
		{8A8FFFD1-C768-46D1-B1AC-A055A2EB0F31}.Debug|Any CPU.Build.0 = Debug|Any CPU
		{8A8FFFD1-C768-46D1-B1AC-A055A2EB0F31}.Debug|x64.ActiveCfg = Debug|Any CPU
		{8A8FFFD1-C768-46D1-B1AC-A055A2EB0F31}.Debug|x64.Build.0 = Debug|Any CPU
		{8A8FFFD1-C768-46D1-B1AC-A055A2EB0F31}.Debug|x86.ActiveCfg = Debug|Any CPU
		{8A8FFFD1-C768-46D1-B1AC-A055A2EB0F31}.Debug|x86.Build.0 = Debug|Any CPU
		{8A8FFFD1-C768-46D1-B1AC-A055A2EB0F31}.Release|Any CPU.ActiveCfg = Release|Any CPU
		{8A8FFFD1-C768-46D1-B1AC-A055A2EB0F31}.Release|Any CPU.Build.0 = Release|Any CPU
		{8A8FFFD1-C768-46D1-B1AC-A055A2EB0F31}.Release|x64.ActiveCfg = Release|Any CPU
		{8A8FFFD1-C768-46D1-B1AC-A055A2EB0F31}.Release|x64.Build.0 = Release|Any CPU
		{8A8FFFD1-C768-46D1-B1AC-A055A2EB0F31}.Release|x86.ActiveCfg = Release|Any CPU
		{8A8FFFD1-C768-46D1-B1AC-A055A2EB0F31}.Release|x86.Build.0 = Release|Any CPU
		{BDD03234-D77A-4143-AC19-8C3680989634}.Debug|Any CPU.ActiveCfg = Debug|Any CPU
		{BDD03234-D77A-4143-AC19-8C3680989634}.Debug|Any CPU.Build.0 = Debug|Any CPU
		{BDD03234-D77A-4143-AC19-8C3680989634}.Debug|x64.ActiveCfg = Debug|Any CPU
		{BDD03234-D77A-4143-AC19-8C3680989634}.Debug|x64.Build.0 = Debug|Any CPU
		{BDD03234-D77A-4143-AC19-8C3680989634}.Debug|x86.ActiveCfg = Debug|Any CPU
		{BDD03234-D77A-4143-AC19-8C3680989634}.Debug|x86.Build.0 = Debug|Any CPU
		{BDD03234-D77A-4143-AC19-8C3680989634}.Release|Any CPU.ActiveCfg = Release|Any CPU
		{BDD03234-D77A-4143-AC19-8C3680989634}.Release|Any CPU.Build.0 = Release|Any CPU
		{BDD03234-D77A-4143-AC19-8C3680989634}.Release|x64.ActiveCfg = Release|Any CPU
		{BDD03234-D77A-4143-AC19-8C3680989634}.Release|x64.Build.0 = Release|Any CPU
		{BDD03234-D77A-4143-AC19-8C3680989634}.Release|x86.ActiveCfg = Release|Any CPU
		{BDD03234-D77A-4143-AC19-8C3680989634}.Release|x86.Build.0 = Release|Any CPU
		{44B6D07C-CEA3-411B-BF68-4B4DABD1DF18}.Debug|Any CPU.ActiveCfg = Debug|Any CPU
		{44B6D07C-CEA3-411B-BF68-4B4DABD1DF18}.Debug|Any CPU.Build.0 = Debug|Any CPU
		{44B6D07C-CEA3-411B-BF68-4B4DABD1DF18}.Debug|x64.ActiveCfg = Debug|Any CPU
		{44B6D07C-CEA3-411B-BF68-4B4DABD1DF18}.Debug|x64.Build.0 = Debug|Any CPU
		{44B6D07C-CEA3-411B-BF68-4B4DABD1DF18}.Debug|x86.ActiveCfg = Debug|Any CPU
		{44B6D07C-CEA3-411B-BF68-4B4DABD1DF18}.Debug|x86.Build.0 = Debug|Any CPU
		{44B6D07C-CEA3-411B-BF68-4B4DABD1DF18}.Release|Any CPU.ActiveCfg = Release|Any CPU
		{44B6D07C-CEA3-411B-BF68-4B4DABD1DF18}.Release|Any CPU.Build.0 = Release|Any CPU
		{44B6D07C-CEA3-411B-BF68-4B4DABD1DF18}.Release|x64.ActiveCfg = Release|Any CPU
		{44B6D07C-CEA3-411B-BF68-4B4DABD1DF18}.Release|x64.Build.0 = Release|Any CPU
		{44B6D07C-CEA3-411B-BF68-4B4DABD1DF18}.Release|x86.ActiveCfg = Release|Any CPU
		{44B6D07C-CEA3-411B-BF68-4B4DABD1DF18}.Release|x86.Build.0 = Release|Any CPU
		{0491A167-E44F-4F5C-AB04-027FC395F29D}.Debug|Any CPU.ActiveCfg = Debug|Any CPU
		{0491A167-E44F-4F5C-AB04-027FC395F29D}.Debug|Any CPU.Build.0 = Debug|Any CPU
		{0491A167-E44F-4F5C-AB04-027FC395F29D}.Debug|x64.ActiveCfg = Debug|Any CPU
		{0491A167-E44F-4F5C-AB04-027FC395F29D}.Debug|x64.Build.0 = Debug|Any CPU
		{0491A167-E44F-4F5C-AB04-027FC395F29D}.Debug|x86.ActiveCfg = Debug|Any CPU
		{0491A167-E44F-4F5C-AB04-027FC395F29D}.Debug|x86.Build.0 = Debug|Any CPU
		{0491A167-E44F-4F5C-AB04-027FC395F29D}.Release|Any CPU.ActiveCfg = Release|Any CPU
		{0491A167-E44F-4F5C-AB04-027FC395F29D}.Release|Any CPU.Build.0 = Release|Any CPU
		{0491A167-E44F-4F5C-AB04-027FC395F29D}.Release|x64.ActiveCfg = Release|Any CPU
		{0491A167-E44F-4F5C-AB04-027FC395F29D}.Release|x64.Build.0 = Release|Any CPU
		{0491A167-E44F-4F5C-AB04-027FC395F29D}.Release|x86.ActiveCfg = Release|Any CPU
		{0491A167-E44F-4F5C-AB04-027FC395F29D}.Release|x86.Build.0 = Release|Any CPU
		{23E2FCF7-1529-41FE-9BFC-4897FF3EE46D}.Debug|Any CPU.ActiveCfg = Debug|Any CPU
		{23E2FCF7-1529-41FE-9BFC-4897FF3EE46D}.Debug|Any CPU.Build.0 = Debug|Any CPU
		{23E2FCF7-1529-41FE-9BFC-4897FF3EE46D}.Debug|x64.ActiveCfg = Debug|Any CPU
		{23E2FCF7-1529-41FE-9BFC-4897FF3EE46D}.Debug|x64.Build.0 = Debug|Any CPU
		{23E2FCF7-1529-41FE-9BFC-4897FF3EE46D}.Debug|x86.ActiveCfg = Debug|Any CPU
		{23E2FCF7-1529-41FE-9BFC-4897FF3EE46D}.Debug|x86.Build.0 = Debug|Any CPU
		{23E2FCF7-1529-41FE-9BFC-4897FF3EE46D}.Release|Any CPU.ActiveCfg = Release|Any CPU
		{23E2FCF7-1529-41FE-9BFC-4897FF3EE46D}.Release|Any CPU.Build.0 = Release|Any CPU
		{23E2FCF7-1529-41FE-9BFC-4897FF3EE46D}.Release|x64.ActiveCfg = Release|Any CPU
		{23E2FCF7-1529-41FE-9BFC-4897FF3EE46D}.Release|x64.Build.0 = Release|Any CPU
		{23E2FCF7-1529-41FE-9BFC-4897FF3EE46D}.Release|x86.ActiveCfg = Release|Any CPU
		{23E2FCF7-1529-41FE-9BFC-4897FF3EE46D}.Release|x86.Build.0 = Release|Any CPU
	EndGlobalSection
	GlobalSection(SolutionProperties) = preSolution
		HideSolutionNode = FALSE
	EndGlobalSection
	GlobalSection(NestedProjects) = preSolution
		{D11594E2-A679-41E6-9C72-7F979D24E714} = {CDFF6E4D-4F20-4860-9EC9-3915FBAEAD45}
		{8A8FFFD1-C768-46D1-B1AC-A055A2EB0F31} = {D11594E2-A679-41E6-9C72-7F979D24E714}
		{08EC639C-3A39-4478-950C-B8BAFD57FF6F} = {CDFF6E4D-4F20-4860-9EC9-3915FBAEAD45}
		{BDD03234-D77A-4143-AC19-8C3680989634} = {08EC639C-3A39-4478-950C-B8BAFD57FF6F}
		{F14C1B4B-7EC1-48B3-9337-39A402DDF511} = {CDFF6E4D-4F20-4860-9EC9-3915FBAEAD45}
		{44B6D07C-CEA3-411B-BF68-4B4DABD1DF18} = {F14C1B4B-7EC1-48B3-9337-39A402DDF511}
		{0491A167-E44F-4F5C-AB04-027FC395F29D} = {876016D8-1923-4CA7-BD58-A7ACB6BAD1B4}
	EndGlobalSection
	GlobalSection(ExtensibilityGlobals) = postSolution
		SolutionGuid = {AAF46012-714F-4532-B67C-93EDF1659238}
	EndGlobalSection
EndGlobal
